
Microsoft Visual Studio Solution File, Format Version 12.00
# Visual Studio Version 17
VisualStudioVersion = 17.13.35919.96 d17.13
MinimumVisualStudioVersion = 10.0.40219.1
Project("{FAE04EC0-301F-11D3-BF4B-00C04F79EFBC}") = "ClincManagement.API", "ClincManagement.API\ClincManagement.API.csproj", "{0A8BFED4-C30B-44ED-9FDB-064B5048F288}"
EndProject
Global
	GlobalSection(SolutionConfigurationPlatforms) = preSolution
		Debug|Any CPU = Debug|Any CPU
		Release|Any CPU = Release|Any CPU
	EndGlobalSection
	GlobalSection(ProjectConfigurationPlatforms) = postSolution
		{0A8BFED4-C30B-44ED-9FDB-064B5048F288}.Debug|Any CPU.ActiveCfg = Debug|Any CPU
		{0A8BFED4-C30B-44ED-9FDB-064B5048F288}.Debug|Any CPU.Build.0 = Debug|Any CPU
		{0A8BFED4-C30B-44ED-9FDB-064B5048F288}.Release|Any CPU.ActiveCfg = Release|Any CPU
		{0A8BFED4-C30B-44ED-9FDB-064B5048F288}.Release|Any CPU.Build.0 = Release|Any CPU
	EndGlobalSection
	GlobalSection(SolutionProperties) = preSolution
		HideSolutionNode = FALSE
	EndGlobalSection
	GlobalSection(ExtensibilityGlobals) = postSolution
		SolutionGuid = {E0396D5A-246D-49F3-92D7-9C25AA9C8755}
	EndGlobalSection
EndGlobal
